
Microsoft Visual Studio Solution File, Format Version 12.00
# Visual Studio 15
VisualStudioVersion = 15.0.27130.2036
MinimumVisualStudioVersion = 10.0.40219.1
Project("{FAE04EC0-301F-11D3-BF4B-00C04F79EFBC}") = "DifferentDictionaries", "DifferentDictionaries\DifferentDictionaries.csproj", "{FE0896F2-4690-472B-B35F-071B6A455D24}"
EndProject
Project("{FAE04EC0-301F-11D3-BF4B-00C04F79EFBC}") = "RedBlackTree", "RedBlackTree\RedBlackTree.csproj", "{195E1E34-0E4A-4229-AE8E-C602535236F5}"
EndProject
Project("{FAE04EC0-301F-11D3-BF4B-00C04F79EFBC}") = "AVLTree", "AVLTree\AVLTree.csproj", "{0489D9C2-E6B4-47DA-83D3-B38EAED74116}"
EndProject
Global
	GlobalSection(SolutionConfigurationPlatforms) = preSolution
		Debug|Any CPU = Debug|Any CPU
		Release|Any CPU = Release|Any CPU
	EndGlobalSection
	GlobalSection(ProjectConfigurationPlatforms) = postSolution
		{FE0896F2-4690-472B-B35F-071B6A455D24}.Debug|Any CPU.ActiveCfg = Debug|Any CPU
		{FE0896F2-4690-472B-B35F-071B6A455D24}.Debug|Any CPU.Build.0 = Debug|Any CPU
		{FE0896F2-4690-472B-B35F-071B6A455D24}.Release|Any CPU.ActiveCfg = Release|Any CPU
		{FE0896F2-4690-472B-B35F-071B6A455D24}.Release|Any CPU.Build.0 = Release|Any CPU
		{195E1E34-0E4A-4229-AE8E-C602535236F5}.Debug|Any CPU.ActiveCfg = Debug|Any CPU
		{195E1E34-0E4A-4229-AE8E-C602535236F5}.Debug|Any CPU.Build.0 = Debug|Any CPU
		{195E1E34-0E4A-4229-AE8E-C602535236F5}.Release|Any CPU.ActiveCfg = Release|Any CPU
		{195E1E34-0E4A-4229-AE8E-C602535236F5}.Release|Any CPU.Build.0 = Release|Any CPU
		{0489D9C2-E6B4-47DA-83D3-B38EAED74116}.Debug|Any CPU.ActiveCfg = Debug|Any CPU
		{0489D9C2-E6B4-47DA-83D3-B38EAED74116}.Debug|Any CPU.Build.0 = Debug|Any CPU
		{0489D9C2-E6B4-47DA-83D3-B38EAED74116}.Release|Any CPU.ActiveCfg = Release|Any CPU
		{0489D9C2-E6B4-47DA-83D3-B38EAED74116}.Release|Any CPU.Build.0 = Release|Any CPU
	EndGlobalSection
	GlobalSection(SolutionProperties) = preSolution
		HideSolutionNode = FALSE
	EndGlobalSection
	GlobalSection(ExtensibilityGlobals) = postSolution
		SolutionGuid = {67CCBDC1-83AD-46ED-838F-96FFCE1AF366}
	EndGlobalSection
EndGlobal
